
Microsoft Visual Studio Solution File, Format Version 12.00
# Visual Studio 14
VisualStudioVersion = 14.0.23107.0
MinimumVisualStudioVersion = 10.0.40219.1
Project("{FAE04EC0-301F-11D3-BF4B-00C04F79EFBC}") = "IsEnabledViewCellInheritanceBug", "IsEnabledViewCellInheritanceBug\IsEnabledViewCellInheritanceBug\IsEnabledViewCellInheritanceBug.csproj", "{37F59B04-F034-4FC7-ACC6-FD9E693627B8}"
EndProject
Project("{FAE04EC0-301F-11D3-BF4B-00C04F79EFBC}") = "IsEnabledViewCellInheritanceBug.iOS", "IsEnabledViewCellInheritanceBug\IsEnabledViewCellInheritanceBug.iOS\IsEnabledViewCellInheritanceBug.iOS.csproj", "{D684C625-B836-4FFE-8BE5-968BD62B2216}"
EndProject
Project("{FAE04EC0-301F-11D3-BF4B-00C04F79EFBC}") = "IsEnabledViewCellInheritanceBug.Droid", "IsEnabledViewCellInheritanceBug\IsEnabledViewCellInheritanceBug.Droid\IsEnabledViewCellInheritanceBug.Droid.csproj", "{7161568C-340E-4241-BD8E-3F484298819E}"
EndProject
Project("{FAE04EC0-301F-11D3-BF4B-00C04F79EFBC}") = "IsEnabledViewCellInheritanceBug.WinPhone", "IsEnabledViewCellInheritanceBug\IsEnabledViewCellInheritanceBug.WinPhone\IsEnabledViewCellInheritanceBug.WinPhone.csproj", "{F10A7E91-07D9-44CF-A18D-46E376DAB52F}"
EndProject
Global
	GlobalSection(SolutionConfigurationPlatforms) = preSolution
		Ad-Hoc|Any CPU = Ad-Hoc|Any CPU
		Ad-Hoc|ARM = Ad-Hoc|ARM
		Ad-Hoc|iPhone = Ad-Hoc|iPhone
		Ad-Hoc|iPhoneSimulator = Ad-Hoc|iPhoneSimulator
		Ad-Hoc|x86 = Ad-Hoc|x86
		AppStore|Any CPU = AppStore|Any CPU
		AppStore|ARM = AppStore|ARM
		AppStore|iPhone = AppStore|iPhone
		AppStore|iPhoneSimulator = AppStore|iPhoneSimulator
		AppStore|x86 = AppStore|x86
		Debug|Any CPU = Debug|Any CPU
		Debug|ARM = Debug|ARM
		Debug|iPhone = Debug|iPhone
		Debug|iPhoneSimulator = Debug|iPhoneSimulator
		Debug|x86 = Debug|x86
		Release|Any CPU = Release|Any CPU
		Release|ARM = Release|ARM
		Release|iPhone = Release|iPhone
		Release|iPhoneSimulator = Release|iPhoneSimulator
		Release|x86 = Release|x86
	EndGlobalSection
	GlobalSection(ProjectConfigurationPlatforms) = postSolution
		{37F59B04-F034-4FC7-ACC6-FD9E693627B8}.Ad-Hoc|Any CPU.ActiveCfg = Release|Any CPU
		{37F59B04-F034-4FC7-ACC6-FD9E693627B8}.Ad-Hoc|Any CPU.Build.0 = Release|Any CPU
		{37F59B04-F034-4FC7-ACC6-FD9E693627B8}.Ad-Hoc|ARM.ActiveCfg = Release|Any CPU
		{37F59B04-F034-4FC7-ACC6-FD9E693627B8}.Ad-Hoc|ARM.Build.0 = Release|Any CPU
		{37F59B04-F034-4FC7-ACC6-FD9E693627B8}.Ad-Hoc|iPhone.ActiveCfg = Release|Any CPU
		{37F59B04-F034-4FC7-ACC6-FD9E693627B8}.Ad-Hoc|iPhone.Build.0 = Release|Any CPU
		{37F59B04-F034-4FC7-ACC6-FD9E693627B8}.Ad-Hoc|iPhoneSimulator.ActiveCfg = Release|Any CPU
		{37F59B04-F034-4FC7-ACC6-FD9E693627B8}.Ad-Hoc|iPhoneSimulator.Build.0 = Release|Any CPU
		{37F59B04-F034-4FC7-ACC6-FD9E693627B8}.Ad-Hoc|x86.ActiveCfg = Release|Any CPU
		{37F59B04-F034-4FC7-ACC6-FD9E693627B8}.Ad-Hoc|x86.Build.0 = Release|Any CPU
		{37F59B04-F034-4FC7-ACC6-FD9E693627B8}.AppStore|Any CPU.ActiveCfg = Release|Any CPU
		{37F59B04-F034-4FC7-ACC6-FD9E693627B8}.AppStore|Any CPU.Build.0 = Release|Any CPU
		{37F59B04-F034-4FC7-ACC6-FD9E693627B8}.AppStore|ARM.ActiveCfg = Release|Any CPU
		{37F59B04-F034-4FC7-ACC6-FD9E693627B8}.AppStore|ARM.Build.0 = Release|Any CPU
		{37F59B04-F034-4FC7-ACC6-FD9E693627B8}.AppStore|iPhone.ActiveCfg = Release|Any CPU
		{37F59B04-F034-4FC7-ACC6-FD9E693627B8}.AppStore|iPhone.Build.0 = Release|Any CPU
		{37F59B04-F034-4FC7-ACC6-FD9E693627B8}.AppStore|iPhoneSimulator.ActiveCfg = Release|Any CPU
		{37F59B04-F034-4FC7-ACC6-FD9E693627B8}.AppStore|iPhoneSimulator.Build.0 = Release|Any CPU
		{37F59B04-F034-4FC7-ACC6-FD9E693627B8}.AppStore|x86.ActiveCfg = Release|Any CPU
		{37F59B04-F034-4FC7-ACC6-FD9E693627B8}.AppStore|x86.Build.0 = Release|Any CPU
		{37F59B04-F034-4FC7-ACC6-FD9E693627B8}.Debug|Any CPU.ActiveCfg = Debug|Any CPU
		{37F59B04-F034-4FC7-ACC6-FD9E693627B8}.Debug|Any CPU.Build.0 = Debug|Any CPU
		{37F59B04-F034-4FC7-ACC6-FD9E693627B8}.Debug|ARM.ActiveCfg = Debug|Any CPU
		{37F59B04-F034-4FC7-ACC6-FD9E693627B8}.Debug|ARM.Build.0 = Debug|Any CPU
		{37F59B04-F034-4FC7-ACC6-FD9E693627B8}.Debug|iPhone.ActiveCfg = Debug|Any CPU
		{37F59B04-F034-4FC7-ACC6-FD9E693627B8}.Debug|iPhone.Build.0 = Debug|Any CPU
		{37F59B04-F034-4FC7-ACC6-FD9E693627B8}.Debug|iPhoneSimulator.ActiveCfg = Debug|Any CPU
		{37F59B04-F034-4FC7-ACC6-FD9E693627B8}.Debug|iPhoneSimulator.Build.0 = Debug|Any CPU
		{37F59B04-F034-4FC7-ACC6-FD9E693627B8}.Debug|x86.ActiveCfg = Debug|Any CPU
		{37F59B04-F034-4FC7-ACC6-FD9E693627B8}.Debug|x86.Build.0 = Debug|Any CPU
		{37F59B04-F034-4FC7-ACC6-FD9E693627B8}.Release|Any CPU.ActiveCfg = Release|Any CPU
		{37F59B04-F034-4FC7-ACC6-FD9E693627B8}.Release|Any CPU.Build.0 = Release|Any CPU
		{37F59B04-F034-4FC7-ACC6-FD9E693627B8}.Release|ARM.ActiveCfg = Release|Any CPU
		{37F59B04-F034-4FC7-ACC6-FD9E693627B8}.Release|ARM.Build.0 = Release|Any CPU
		{37F59B04-F034-4FC7-ACC6-FD9E693627B8}.Release|iPhone.ActiveCfg = Release|Any CPU
		{37F59B04-F034-4FC7-ACC6-FD9E693627B8}.Release|iPhone.Build.0 = Release|Any CPU
		{37F59B04-F034-4FC7-ACC6-FD9E693627B8}.Release|iPhoneSimulator.ActiveCfg = Release|Any CPU
		{37F59B04-F034-4FC7-ACC6-FD9E693627B8}.Release|iPhoneSimulator.Build.0 = Release|Any CPU
		{37F59B04-F034-4FC7-ACC6-FD9E693627B8}.Release|x86.ActiveCfg = Release|Any CPU
		{37F59B04-F034-4FC7-ACC6-FD9E693627B8}.Release|x86.Build.0 = Release|Any CPU
		{D684C625-B836-4FFE-8BE5-968BD62B2216}.Ad-Hoc|Any CPU.ActiveCfg = Ad-Hoc|iPhone
		{D684C625-B836-4FFE-8BE5-968BD62B2216}.Ad-Hoc|ARM.ActiveCfg = Ad-Hoc|iPhone
		{D684C625-B836-4FFE-8BE5-968BD62B2216}.Ad-Hoc|iPhone.ActiveCfg = Ad-Hoc|iPhone
		{D684C625-B836-4FFE-8BE5-968BD62B2216}.Ad-Hoc|iPhone.Build.0 = Ad-Hoc|iPhone
		{D684C625-B836-4FFE-8BE5-968BD62B2216}.Ad-Hoc|iPhoneSimulator.ActiveCfg = Ad-Hoc|iPhoneSimulator
		{D684C625-B836-4FFE-8BE5-968BD62B2216}.Ad-Hoc|iPhoneSimulator.Build.0 = Ad-Hoc|iPhoneSimulator
		{D684C625-B836-4FFE-8BE5-968BD62B2216}.Ad-Hoc|x86.ActiveCfg = Ad-Hoc|iPhone
		{D684C625-B836-4FFE-8BE5-968BD62B2216}.AppStore|Any CPU.ActiveCfg = AppStore|iPhone
		{D684C625-B836-4FFE-8BE5-968BD62B2216}.AppStore|ARM.ActiveCfg = AppStore|iPhone
		{D684C625-B836-4FFE-8BE5-968BD62B2216}.AppStore|iPhone.ActiveCfg = AppStore|iPhone
		{D684C625-B836-4FFE-8BE5-968BD62B2216}.AppStore|iPhone.Build.0 = AppStore|iPhone
		{D684C625-B836-4FFE-8BE5-968BD62B2216}.AppStore|iPhoneSimulator.ActiveCfg = AppStore|iPhoneSimulator
		{D684C625-B836-4FFE-8BE5-968BD62B2216}.AppStore|iPhoneSimulator.Build.0 = AppStore|iPhoneSimulator
		{D684C625-B836-4FFE-8BE5-968BD62B2216}.AppStore|x86.ActiveCfg = AppStore|iPhone
		{D684C625-B836-4FFE-8BE5-968BD62B2216}.Debug|Any CPU.ActiveCfg = Debug|iPhone
		{D684C625-B836-4FFE-8BE5-968BD62B2216}.Debug|ARM.ActiveCfg = Debug|iPhone
		{D684C625-B836-4FFE-8BE5-968BD62B2216}.Debug|iPhone.ActiveCfg = Debug|iPhone
		{D684C625-B836-4FFE-8BE5-968BD62B2216}.Debug|iPhone.Build.0 = Debug|iPhone
		{D684C625-B836-4FFE-8BE5-968BD62B2216}.Debug|iPhoneSimulator.ActiveCfg = Debug|iPhoneSimulator
		{D684C625-B836-4FFE-8BE5-968BD62B2216}.Debug|iPhoneSimulator.Build.0 = Debug|iPhoneSimulator
		{D684C625-B836-4FFE-8BE5-968BD62B2216}.Debug|x86.ActiveCfg = Debug|iPhone
		{D684C625-B836-4FFE-8BE5-968BD62B2216}.Release|Any CPU.ActiveCfg = Release|iPhone
		{D684C625-B836-4FFE-8BE5-968BD62B2216}.Release|ARM.ActiveCfg = Release|iPhone
		{D684C625-B836-4FFE-8BE5-968BD62B2216}.Release|iPhone.ActiveCfg = Release|iPhone
		{D684C625-B836-4FFE-8BE5-968BD62B2216}.Release|iPhone.Build.0 = Release|iPhone
		{D684C625-B836-4FFE-8BE5-968BD62B2216}.Release|iPhoneSimulator.ActiveCfg = Release|iPhoneSimulator
		{D684C625-B836-4FFE-8BE5-968BD62B2216}.Release|iPhoneSimulator.Build.0 = Release|iPhoneSimulator
		{D684C625-B836-4FFE-8BE5-968BD62B2216}.Release|x86.ActiveCfg = Release|iPhone
		{7161568C-340E-4241-BD8E-3F484298819E}.Ad-Hoc|Any CPU.ActiveCfg = Release|Any CPU
		{7161568C-340E-4241-BD8E-3F484298819E}.Ad-Hoc|Any CPU.Build.0 = Release|Any CPU
		{7161568C-340E-4241-BD8E-3F484298819E}.Ad-Hoc|Any CPU.Deploy.0 = Release|Any CPU
		{7161568C-340E-4241-BD8E-3F484298819E}.Ad-Hoc|ARM.ActiveCfg = Release|Any CPU
		{7161568C-340E-4241-BD8E-3F484298819E}.Ad-Hoc|ARM.Build.0 = Release|Any CPU
		{7161568C-340E-4241-BD8E-3F484298819E}.Ad-Hoc|ARM.Deploy.0 = Release|Any CPU
		{7161568C-340E-4241-BD8E-3F484298819E}.Ad-Hoc|iPhone.ActiveCfg = Release|Any CPU
		{7161568C-340E-4241-BD8E-3F484298819E}.Ad-Hoc|iPhone.Build.0 = Release|Any CPU
		{7161568C-340E-4241-BD8E-3F484298819E}.Ad-Hoc|iPhone.Deploy.0 = Release|Any CPU
		{7161568C-340E-4241-BD8E-3F484298819E}.Ad-Hoc|iPhoneSimulator.ActiveCfg = Release|Any CPU
		{7161568C-340E-4241-BD8E-3F484298819E}.Ad-Hoc|iPhoneSimulator.Build.0 = Release|Any CPU
		{7161568C-340E-4241-BD8E-3F484298819E}.Ad-Hoc|iPhoneSimulator.Deploy.0 = Release|Any CPU
		{7161568C-340E-4241-BD8E-3F484298819E}.Ad-Hoc|x86.ActiveCfg = Release|Any CPU
		{7161568C-340E-4241-BD8E-3F484298819E}.Ad-Hoc|x86.Build.0 = Release|Any CPU
		{7161568C-340E-4241-BD8E-3F484298819E}.Ad-Hoc|x86.Deploy.0 = Release|Any CPU
		{7161568C-340E-4241-BD8E-3F484298819E}.AppStore|Any CPU.ActiveCfg = Release|Any CPU
		{7161568C-340E-4241-BD8E-3F484298819E}.AppStore|Any CPU.Build.0 = Release|Any CPU
		{7161568C-340E-4241-BD8E-3F484298819E}.AppStore|Any CPU.Deploy.0 = Release|Any CPU
		{7161568C-340E-4241-BD8E-3F484298819E}.AppStore|ARM.ActiveCfg = Release|Any CPU
		{7161568C-340E-4241-BD8E-3F484298819E}.AppStore|ARM.Build.0 = Release|Any CPU
		{7161568C-340E-4241-BD8E-3F484298819E}.AppStore|ARM.Deploy.0 = Release|Any CPU
		{7161568C-340E-4241-BD8E-3F484298819E}.AppStore|iPhone.ActiveCfg = Release|Any CPU
		{7161568C-340E-4241-BD8E-3F484298819E}.AppStore|iPhone.Build.0 = Release|Any CPU
		{7161568C-340E-4241-BD8E-3F484298819E}.AppStore|iPhone.Deploy.0 = Release|Any CPU
		{7161568C-340E-4241-BD8E-3F484298819E}.AppStore|iPhoneSimulator.ActiveCfg = Release|Any CPU
		{7161568C-340E-4241-BD8E-3F484298819E}.AppStore|iPhoneSimulator.Build.0 = Release|Any CPU
		{7161568C-340E-4241-BD8E-3F484298819E}.AppStore|iPhoneSimulator.Deploy.0 = Release|Any CPU
		{7161568C-340E-4241-BD8E-3F484298819E}.AppStore|x86.ActiveCfg = Release|Any CPU
		{7161568C-340E-4241-BD8E-3F484298819E}.AppStore|x86.Build.0 = Release|Any CPU
		{7161568C-340E-4241-BD8E-3F484298819E}.AppStore|x86.Deploy.0 = Release|Any CPU
		{7161568C-340E-4241-BD8E-3F484298819E}.Debug|Any CPU.ActiveCfg = Debug|Any CPU
		{7161568C-340E-4241-BD8E-3F484298819E}.Debug|Any CPU.Build.0 = Debug|Any CPU
		{7161568C-340E-4241-BD8E-3F484298819E}.Debug|Any CPU.Deploy.0 = Debug|Any CPU
		{7161568C-340E-4241-BD8E-3F484298819E}.Debug|ARM.ActiveCfg = Debug|Any CPU
		{7161568C-340E-4241-BD8E-3F484298819E}.Debug|ARM.Build.0 = Debug|Any CPU
		{7161568C-340E-4241-BD8E-3F484298819E}.Debug|ARM.Deploy.0 = Debug|Any CPU
		{7161568C-340E-4241-BD8E-3F484298819E}.Debug|iPhone.ActiveCfg = Debug|Any CPU
		{7161568C-340E-4241-BD8E-3F484298819E}.Debug|iPhone.Build.0 = Debug|Any CPU
		{7161568C-340E-4241-BD8E-3F484298819E}.Debug|iPhone.Deploy.0 = Debug|Any CPU
		{7161568C-340E-4241-BD8E-3F484298819E}.Debug|iPhoneSimulator.ActiveCfg = Debug|Any CPU
		{7161568C-340E-4241-BD8E-3F484298819E}.Debug|iPhoneSimulator.Build.0 = Debug|Any CPU
		{7161568C-340E-4241-BD8E-3F484298819E}.Debug|iPhoneSimulator.Deploy.0 = Debug|Any CPU
		{7161568C-340E-4241-BD8E-3F484298819E}.Debug|x86.ActiveCfg = Debug|Any CPU
		{7161568C-340E-4241-BD8E-3F484298819E}.Debug|x86.Build.0 = Debug|Any CPU
		{7161568C-340E-4241-BD8E-3F484298819E}.Debug|x86.Deploy.0 = Debug|Any CPU
		{7161568C-340E-4241-BD8E-3F484298819E}.Release|Any CPU.ActiveCfg = Release|Any CPU
		{7161568C-340E-4241-BD8E-3F484298819E}.Release|Any CPU.Build.0 = Release|Any CPU
		{7161568C-340E-4241-BD8E-3F484298819E}.Release|Any CPU.Deploy.0 = Release|Any CPU
		{7161568C-340E-4241-BD8E-3F484298819E}.Release|ARM.ActiveCfg = Release|Any CPU
		{7161568C-340E-4241-BD8E-3F484298819E}.Release|ARM.Build.0 = Release|Any CPU
		{7161568C-340E-4241-BD8E-3F484298819E}.Release|ARM.Deploy.0 = Release|Any CPU
		{7161568C-340E-4241-BD8E-3F484298819E}.Release|iPhone.ActiveCfg = Release|Any CPU
		{7161568C-340E-4241-BD8E-3F484298819E}.Release|iPhone.Build.0 = Release|Any CPU
		{7161568C-340E-4241-BD8E-3F484298819E}.Release|iPhone.Deploy.0 = Release|Any CPU
		{7161568C-340E-4241-BD8E-3F484298819E}.Release|iPhoneSimulator.ActiveCfg = Release|Any CPU
		{7161568C-340E-4241-BD8E-3F484298819E}.Release|iPhoneSimulator.Build.0 = Release|Any CPU
		{7161568C-340E-4241-BD8E-3F484298819E}.Release|iPhoneSimulator.Deploy.0 = Release|Any CPU
		{7161568C-340E-4241-BD8E-3F484298819E}.Release|x86.ActiveCfg = Release|Any CPU
		{7161568C-340E-4241-BD8E-3F484298819E}.Release|x86.Build.0 = Release|Any CPU
		{7161568C-340E-4241-BD8E-3F484298819E}.Release|x86.Deploy.0 = Release|Any CPU
		{F10A7E91-07D9-44CF-A18D-46E376DAB52F}.Ad-Hoc|Any CPU.ActiveCfg = Release|Any CPU
		{F10A7E91-07D9-44CF-A18D-46E376DAB52F}.Ad-Hoc|Any CPU.Build.0 = Release|Any CPU
		{F10A7E91-07D9-44CF-A18D-46E376DAB52F}.Ad-Hoc|Any CPU.Deploy.0 = Release|Any CPU
		{F10A7E91-07D9-44CF-A18D-46E376DAB52F}.Ad-Hoc|ARM.ActiveCfg = Release|ARM
		{F10A7E91-07D9-44CF-A18D-46E376DAB52F}.Ad-Hoc|ARM.Build.0 = Release|ARM
		{F10A7E91-07D9-44CF-A18D-46E376DAB52F}.Ad-Hoc|ARM.Deploy.0 = Release|ARM
		{F10A7E91-07D9-44CF-A18D-46E376DAB52F}.Ad-Hoc|iPhone.ActiveCfg = Release|Any CPU
		{F10A7E91-07D9-44CF-A18D-46E376DAB52F}.Ad-Hoc|iPhone.Build.0 = Release|Any CPU
		{F10A7E91-07D9-44CF-A18D-46E376DAB52F}.Ad-Hoc|iPhone.Deploy.0 = Release|Any CPU
		{F10A7E91-07D9-44CF-A18D-46E376DAB52F}.Ad-Hoc|iPhoneSimulator.ActiveCfg = Release|Any CPU
		{F10A7E91-07D9-44CF-A18D-46E376DAB52F}.Ad-Hoc|iPhoneSimulator.Build.0 = Release|Any CPU
		{F10A7E91-07D9-44CF-A18D-46E376DAB52F}.Ad-Hoc|iPhoneSimulator.Deploy.0 = Release|Any CPU
		{F10A7E91-07D9-44CF-A18D-46E376DAB52F}.Ad-Hoc|x86.ActiveCfg = Release|x86
		{F10A7E91-07D9-44CF-A18D-46E376DAB52F}.Ad-Hoc|x86.Build.0 = Release|x86
		{F10A7E91-07D9-44CF-A18D-46E376DAB52F}.Ad-Hoc|x86.Deploy.0 = Release|x86
		{F10A7E91-07D9-44CF-A18D-46E376DAB52F}.AppStore|Any CPU.ActiveCfg = Release|Any CPU
		{F10A7E91-07D9-44CF-A18D-46E376DAB52F}.AppStore|Any CPU.Build.0 = Release|Any CPU
		{F10A7E91-07D9-44CF-A18D-46E376DAB52F}.AppStore|Any CPU.Deploy.0 = Release|Any CPU
		{F10A7E91-07D9-44CF-A18D-46E376DAB52F}.AppStore|ARM.ActiveCfg = Release|ARM
		{F10A7E91-07D9-44CF-A18D-46E376DAB52F}.AppStore|ARM.Build.0 = Release|ARM
		{F10A7E91-07D9-44CF-A18D-46E376DAB52F}.AppStore|ARM.Deploy.0 = Release|ARM
		{F10A7E91-07D9-44CF-A18D-46E376DAB52F}.AppStore|iPhone.ActiveCfg = Release|Any CPU
		{F10A7E91-07D9-44CF-A18D-46E376DAB52F}.AppStore|iPhone.Build.0 = Release|Any CPU
		{F10A7E91-07D9-44CF-A18D-46E376DAB52F}.AppStore|iPhone.Deploy.0 = Release|Any CPU
		{F10A7E91-07D9-44CF-A18D-46E376DAB52F}.AppStore|iPhoneSimulator.ActiveCfg = Release|Any CPU
		{F10A7E91-07D9-44CF-A18D-46E376DAB52F}.AppStore|iPhoneSimulator.Build.0 = Release|Any CPU
		{F10A7E91-07D9-44CF-A18D-46E376DAB52F}.AppStore|iPhoneSimulator.Deploy.0 = Release|Any CPU
		{F10A7E91-07D9-44CF-A18D-46E376DAB52F}.AppStore|x86.ActiveCfg = Release|x86
		{F10A7E91-07D9-44CF-A18D-46E376DAB52F}.AppStore|x86.Build.0 = Release|x86
		{F10A7E91-07D9-44CF-A18D-46E376DAB52F}.AppStore|x86.Deploy.0 = Release|x86
		{F10A7E91-07D9-44CF-A18D-46E376DAB52F}.Debug|Any CPU.ActiveCfg = Debug|Any CPU
		{F10A7E91-07D9-44CF-A18D-46E376DAB52F}.Debug|Any CPU.Build.0 = Debug|Any CPU
		{F10A7E91-07D9-44CF-A18D-46E376DAB52F}.Debug|Any CPU.Deploy.0 = Debug|Any CPU
		{F10A7E91-07D9-44CF-A18D-46E376DAB52F}.Debug|ARM.ActiveCfg = Debug|ARM
		{F10A7E91-07D9-44CF-A18D-46E376DAB52F}.Debug|ARM.Build.0 = Debug|ARM
		{F10A7E91-07D9-44CF-A18D-46E376DAB52F}.Debug|ARM.Deploy.0 = Debug|ARM
		{F10A7E91-07D9-44CF-A18D-46E376DAB52F}.Debug|iPhone.ActiveCfg = Debug|Any CPU
		{F10A7E91-07D9-44CF-A18D-46E376DAB52F}.Debug|iPhone.Build.0 = Debug|Any CPU
		{F10A7E91-07D9-44CF-A18D-46E376DAB52F}.Debug|iPhone.Deploy.0 = Debug|Any CPU
		{F10A7E91-07D9-44CF-A18D-46E376DAB52F}.Debug|iPhoneSimulator.ActiveCfg = Debug|Any CPU
		{F10A7E91-07D9-44CF-A18D-46E376DAB52F}.Debug|iPhoneSimulator.Build.0 = Debug|Any CPU
		{F10A7E91-07D9-44CF-A18D-46E376DAB52F}.Debug|iPhoneSimulator.Deploy.0 = Debug|Any CPU
		{F10A7E91-07D9-44CF-A18D-46E376DAB52F}.Debug|x86.ActiveCfg = Debug|x86
		{F10A7E91-07D9-44CF-A18D-46E376DAB52F}.Debug|x86.Build.0 = Debug|x86
		{F10A7E91-07D9-44CF-A18D-46E376DAB52F}.Debug|x86.Deploy.0 = Debug|x86
		{F10A7E91-07D9-44CF-A18D-46E376DAB52F}.Release|Any CPU.ActiveCfg = Release|Any CPU
		{F10A7E91-07D9-44CF-A18D-46E376DAB52F}.Release|Any CPU.Build.0 = Release|Any CPU
		{F10A7E91-07D9-44CF-A18D-46E376DAB52F}.Release|Any CPU.Deploy.0 = Release|Any CPU
		{F10A7E91-07D9-44CF-A18D-46E376DAB52F}.Release|ARM.ActiveCfg = Release|ARM
		{F10A7E91-07D9-44CF-A18D-46E376DAB52F}.Release|ARM.Build.0 = Release|ARM
		{F10A7E91-07D9-44CF-A18D-46E376DAB52F}.Release|ARM.Deploy.0 = Release|ARM
		{F10A7E91-07D9-44CF-A18D-46E376DAB52F}.Release|iPhone.ActiveCfg = Release|Any CPU
		{F10A7E91-07D9-44CF-A18D-46E376DAB52F}.Release|iPhone.Build.0 = Release|Any CPU
		{F10A7E91-07D9-44CF-A18D-46E376DAB52F}.Release|iPhone.Deploy.0 = Release|Any CPU
		{F10A7E91-07D9-44CF-A18D-46E376DAB52F}.Release|iPhoneSimulator.ActiveCfg = Release|Any CPU
		{F10A7E91-07D9-44CF-A18D-46E376DAB52F}.Release|iPhoneSimulator.Build.0 = Release|Any CPU
		{F10A7E91-07D9-44CF-A18D-46E376DAB52F}.Release|iPhoneSimulator.Deploy.0 = Release|Any CPU
		{F10A7E91-07D9-44CF-A18D-46E376DAB52F}.Release|x86.ActiveCfg = Release|x86
		{F10A7E91-07D9-44CF-A18D-46E376DAB52F}.Release|x86.Build.0 = Release|x86
		{F10A7E91-07D9-44CF-A18D-46E376DAB52F}.Release|x86.Deploy.0 = Release|x86
	EndGlobalSection
	GlobalSection(SolutionProperties) = preSolution
		HideSolutionNode = FALSE
	EndGlobalSection
EndGlobal
